
Microsoft Visual Studio Solution File, Format Version 12.00
# Visual Studio 15
VisualStudioVersion = 15.0.27130.2010
MinimumVisualStudioVersion = 10.0.40219.1
Project("{2150E333-8FDC-42A3-9474-1A3956D46DE8}") = "QOL.Common", "QOL.Common", "{D2436839-CD0B-4314-B232-521EF9A6B644}"
EndProject
Project("{FAE04EC0-301F-11D3-BF4B-00C04F79EFBC}") = "QOL.Common", "QOL.Common\QOL.Common\QOL.Common.csproj", "{6FA430B8-2F97-44D5-A4FD-107099AC7CB9}"
EndProject
Project("{2150E333-8FDC-42A3-9474-1A3956D46DE8}") = "QOL.Data", "QOL.Data", "{8B64E2A4-2908-4F0B-B412-1850402B2135}"
EndProject
Project("{2150E333-8FDC-42A3-9474-1A3956D46DE8}") = "QOL.Entities", "QOL.Entities", "{458D4869-7355-442B-8385-9F48F12140DE}"
EndProject
Project("{2150E333-8FDC-42A3-9474-1A3956D46DE8}") = "QOL.Service", "QOL.Service", "{08FFABA0-3D8D-4491-A5F0-D965F94CFC0E}"
EndProject
Project("{2150E333-8FDC-42A3-9474-1A3956D46DE8}") = "QOL.Test", "QOL.Test", "{FAD23E85-DAC2-4AEF-B53E-F71E960C8CEB}"
EndProject
Project("{2150E333-8FDC-42A3-9474-1A3956D46DE8}") = "QOL.UI", "QOL.UI", "{EF01A3FA-E220-4799-AF73-0397046ACD2E}"
EndProject
Project("{FAE04EC0-301F-11D3-BF4B-00C04F79EFBC}") = "QOL.Data.Account", "QOL.Data\QOL.Data.Account\QOL.Data.Account.csproj", "{813E27A4-0F68-47BD-ABC8-9D3A1799F8A2}"
EndProject
Project("{FAE04EC0-301F-11D3-BF4B-00C04F79EFBC}") = "QOL.Entities.Account", "QOL.Entities\QOL.Entities.Account\QOL.Entities.Account.csproj", "{A267B164-245B-49B1-91DA-CFCD1F9EE9D9}"
EndProject
Project("{FAE04EC0-301F-11D3-BF4B-00C04F79EFBC}") = "QOL.Service.Account", "QOL.Service\QOL.Service.Account\QOL.Service.Account.csproj", "{10956457-5035-4FFC-AEAF-D610C9AB3FB1}"
EndProject
Project("{FAE04EC0-301F-11D3-BF4B-00C04F79EFBC}") = "QOL.Test.Account", "QOL.Test\QOL.Test.Account\QOL.Test.Account.csproj", "{E93D84DD-2386-40C7-97AA-2734FCED5A5B}"
EndProject
Project("{FAE04EC0-301F-11D3-BF4B-00C04F79EFBC}") = "QOL.UI.PMS", "QOL.UI\QOL.UI.PMS\QOL.UI.PMS.csproj", "{D1AC1D69-4FB7-42CB-8DFE-79DE62C42536}"
EndProject
Project("{2150E333-8FDC-42A3-9474-1A3956D46DE8}") = "QOL.WebApi", "QOL.WebApi", "{CBFF6722-7C05-4ED3-A4BA-9129C64969A3}"
EndProject
Project("{FAE04EC0-301F-11D3-BF4B-00C04F79EFBC}") = "QOL.WebApi.Interface", "QOL.WebApi\QOL.WebApi.Interface\QOL.WebApi.Interface.csproj", "{559EA188-898B-4D46-9953-1D3837E5D26D}"
EndProject
Global
	GlobalSection(SolutionConfigurationPlatforms) = preSolution
		Debug|Any CPU = Debug|Any CPU
		Release|Any CPU = Release|Any CPU
	EndGlobalSection
	GlobalSection(ProjectConfigurationPlatforms) = postSolution
		{6FA430B8-2F97-44D5-A4FD-107099AC7CB9}.Debug|Any CPU.ActiveCfg = Debug|Any CPU
		{6FA430B8-2F97-44D5-A4FD-107099AC7CB9}.Debug|Any CPU.Build.0 = Debug|Any CPU
		{6FA430B8-2F97-44D5-A4FD-107099AC7CB9}.Release|Any CPU.ActiveCfg = Release|Any CPU
		{6FA430B8-2F97-44D5-A4FD-107099AC7CB9}.Release|Any CPU.Build.0 = Release|Any CPU
		{813E27A4-0F68-47BD-ABC8-9D3A1799F8A2}.Debug|Any CPU.ActiveCfg = Debug|Any CPU
		{813E27A4-0F68-47BD-ABC8-9D3A1799F8A2}.Debug|Any CPU.Build.0 = Debug|Any CPU
		{813E27A4-0F68-47BD-ABC8-9D3A1799F8A2}.Release|Any CPU.ActiveCfg = Release|Any CPU
		{813E27A4-0F68-47BD-ABC8-9D3A1799F8A2}.Release|Any CPU.Build.0 = Release|Any CPU
		{A267B164-245B-49B1-91DA-CFCD1F9EE9D9}.Debug|Any CPU.ActiveCfg = Debug|Any CPU
		{A267B164-245B-49B1-91DA-CFCD1F9EE9D9}.Debug|Any CPU.Build.0 = Debug|Any CPU
		{A267B164-245B-49B1-91DA-CFCD1F9EE9D9}.Release|Any CPU.ActiveCfg = Release|Any CPU
		{A267B164-245B-49B1-91DA-CFCD1F9EE9D9}.Release|Any CPU.Build.0 = Release|Any CPU
		{10956457-5035-4FFC-AEAF-D610C9AB3FB1}.Debug|Any CPU.ActiveCfg = Debug|Any CPU
		{10956457-5035-4FFC-AEAF-D610C9AB3FB1}.Debug|Any CPU.Build.0 = Debug|Any CPU
		{10956457-5035-4FFC-AEAF-D610C9AB3FB1}.Release|Any CPU.ActiveCfg = Release|Any CPU
		{10956457-5035-4FFC-AEAF-D610C9AB3FB1}.Release|Any CPU.Build.0 = Release|Any CPU
		{E93D84DD-2386-40C7-97AA-2734FCED5A5B}.Debug|Any CPU.ActiveCfg = Debug|Any CPU
		{E93D84DD-2386-40C7-97AA-2734FCED5A5B}.Debug|Any CPU.Build.0 = Debug|Any CPU
		{E93D84DD-2386-40C7-97AA-2734FCED5A5B}.Release|Any CPU.ActiveCfg = Release|Any CPU
		{E93D84DD-2386-40C7-97AA-2734FCED5A5B}.Release|Any CPU.Build.0 = Release|Any CPU
		{D1AC1D69-4FB7-42CB-8DFE-79DE62C42536}.Debug|Any CPU.ActiveCfg = Debug|Any CPU
		{D1AC1D69-4FB7-42CB-8DFE-79DE62C42536}.Debug|Any CPU.Build.0 = Debug|Any CPU
		{D1AC1D69-4FB7-42CB-8DFE-79DE62C42536}.Release|Any CPU.ActiveCfg = Release|Any CPU
		{D1AC1D69-4FB7-42CB-8DFE-79DE62C42536}.Release|Any CPU.Build.0 = Release|Any CPU
		{559EA188-898B-4D46-9953-1D3837E5D26D}.Debug|Any CPU.ActiveCfg = Debug|Any CPU
		{559EA188-898B-4D46-9953-1D3837E5D26D}.Debug|Any CPU.Build.0 = Debug|Any CPU
		{559EA188-898B-4D46-9953-1D3837E5D26D}.Release|Any CPU.ActiveCfg = Release|Any CPU
		{559EA188-898B-4D46-9953-1D3837E5D26D}.Release|Any CPU.Build.0 = Release|Any CPU
	EndGlobalSection
	GlobalSection(SolutionProperties) = preSolution
		HideSolutionNode = FALSE
	EndGlobalSection
	GlobalSection(NestedProjects) = preSolution
		{6FA430B8-2F97-44D5-A4FD-107099AC7CB9} = {D2436839-CD0B-4314-B232-521EF9A6B644}
		{813E27A4-0F68-47BD-ABC8-9D3A1799F8A2} = {8B64E2A4-2908-4F0B-B412-1850402B2135}
		{A267B164-245B-49B1-91DA-CFCD1F9EE9D9} = {458D4869-7355-442B-8385-9F48F12140DE}
		{10956457-5035-4FFC-AEAF-D610C9AB3FB1} = {08FFABA0-3D8D-4491-A5F0-D965F94CFC0E}
		{E93D84DD-2386-40C7-97AA-2734FCED5A5B} = {FAD23E85-DAC2-4AEF-B53E-F71E960C8CEB}
		{D1AC1D69-4FB7-42CB-8DFE-79DE62C42536} = {EF01A3FA-E220-4799-AF73-0397046ACD2E}
		{559EA188-898B-4D46-9953-1D3837E5D26D} = {CBFF6722-7C05-4ED3-A4BA-9129C64969A3}
	EndGlobalSection
	GlobalSection(ExtensibilityGlobals) = postSolution
		SolutionGuid = {4A495799-4E8F-452A-B331-74DFEA2105A0}
	EndGlobalSection
EndGlobal
